version = 1
revision = 5
requires-python = ">=3.12"

[[package]]
name = "idna"
version = "3.9"
source = { registry = "https://pypi.org/simple" }
sdist = { url = "https://files.pythonhosted.org/packages/00/6f/93e724eafe34e860d15d37a4f72a1511dd37c43a76a8671b22a15029d545/idna-3.9.tar.gz", hash = "sha256:e5c5dafde284f26e9e0f28f6ea2d6400abd5ca099864a67f576f3981c6476124", size = 191636, upload-time = "2024-09-14T02:58:29.586Z" }
wheels = [
    { url = "https://files.pythonhosted.org/packages/6d/15/61933d1999bc5ad8cad612d67f02fa5b16a423076ea0816e39c2e797af12/idna-3.9-py3-none-any.whl", hash = "sha256:69297d5da0cc9281c77efffb4e730254dd45943f45bbfb461de5991713989b1e", size = 71671, upload-time = "2024-09-14T02:58:28.463Z" },
]

[[package]]
name = "vm5-pmuv-order"
version = "0.1.0"
source = { virtual = "." }
dependencies = [
    { name = "idna" },
]

[package.metadata]
requires-dist = [{ name = "idna", specifier = "==3.9" }]
